{
  "name": "problems-solution-pst",
  "lockfileVersion": 3,
  "requires": true,
  "packages": {
    "": {
      "dependencies": {
        "getrandomjs": "^2.0.1"
      }
    },
    "node_modules/getrandomjs": {
      "version": "2.0.1",
      "resolved": "https://registry.npmjs.org/getrandomjs/-/getrandomjs-2.0.1.tgz",
      "integrity": "sha512-bhCJHb/c85rfU08RLux7X69PxuhOfXRv/nrKtK8uxNU1WTO3TtYwEJ7aWnGTJn2UuP6KXgscZ9I1YjclwRhd9w=="
    }
  }
}
