{
  "name": "05-fri",
  "lockfileVersion": 3,
  "requires": true,
  "packages": {
    "": {
      "dependencies": {
        "ascii-fireworks": "^1.0.4",
        "getrandomjs": "^2.0.1"
      }
    },
    "node_modules/ascii-fireworks": {
      "version": "1.0.4",
      "resolved": "https://registry.npmjs.org/ascii-fireworks/-/ascii-fireworks-1.0.4.tgz",
      "integrity": "sha512-Hz4NlhS4Dkknqjy8A+jbjUKDYX2amnQTqdBMJ2vNjkgE6WKV3BySDzntEnZKIEge8MsDEKD04RmtSt29LhbQww=="
    },
    "node_modules/getrandomjs": {
      "version": "2.0.1",
      "resolved": "https://registry.npmjs.org/getrandomjs/-/getrandomjs-2.0.1.tgz",
      "integrity": "sha512-bhCJHb/c85rfU08RLux7X69PxuhOfXRv/nrKtK8uxNU1WTO3TtYwEJ7aWnGTJn2UuP6KXgscZ9I1YjclwRhd9w=="
    }
  }
}
